
Microsoft Visual Studio Solution File, Format Version 12.00
# Visual Studio Version 17
VisualStudioVersion = 17.9.34310.174
MinimumVisualStudioVersion = 10.0.40219.1
Project("{00D1A9C2-B5F0-4AF3-8072-F6C62B433612}") = "ChatAppDb", "ChatAppDb\ChatAppDb.sqlproj", "{2C2C5F60-80E4-4647-83BF-12F3843C7F06}"
EndProject
Global
	GlobalSection(SolutionConfigurationPlatforms) = preSolution
		Debug|Any CPU = Debug|Any CPU
		Release|Any CPU = Release|Any CPU
	EndGlobalSection
	GlobalSection(ProjectConfigurationPlatforms) = postSolution
		{2C2C5F60-80E4-4647-83BF-12F3843C7F06}.Debug|Any CPU.ActiveCfg = Debug|Any CPU
		{2C2C5F60-80E4-4647-83BF-12F3843C7F06}.Debug|Any CPU.Build.0 = Debug|Any CPU
		{2C2C5F60-80E4-4647-83BF-12F3843C7F06}.Debug|Any CPU.Deploy.0 = Debug|Any CPU
		{2C2C5F60-80E4-4647-83BF-12F3843C7F06}.Release|Any CPU.ActiveCfg = Release|Any CPU
		{2C2C5F60-80E4-4647-83BF-12F3843C7F06}.Release|Any CPU.Build.0 = Release|Any CPU
		{2C2C5F60-80E4-4647-83BF-12F3843C7F06}.Release|Any CPU.Deploy.0 = Release|Any CPU
	EndGlobalSection
	GlobalSection(SolutionProperties) = preSolution
		HideSolutionNode = FALSE
	EndGlobalSection
	GlobalSection(ExtensibilityGlobals) = postSolution
		SolutionGuid = {DD4A7480-7A40-430E-913B-16F0A215DDEA}
	EndGlobalSection
EndGlobal
